
Microsoft Visual Studio Solution File, Format Version 12.00
# Visual Studio Version 16
VisualStudioVersion = 16.0.33027.164
MinimumVisualStudioVersion = 10.0.40219.1
Project("{FAE04EC0-301F-11D3-BF4B-00C04F79EFBC}") = "L1 E2", "L1 E2\L1 E2.csproj", "{9D870BFC-4789-46BA-8F79-89F393CEF103}"
EndProject
Global
	GlobalSection(SolutionConfigurationPlatforms) = preSolution
		Debug|Any CPU = Debug|Any CPU
		Release|Any CPU = Release|Any CPU
	EndGlobalSection
	GlobalSection(ProjectConfigurationPlatforms) = postSolution
		{9D870BFC-4789-46BA-8F79-89F393CEF103}.Debug|Any CPU.ActiveCfg = Debug|Any CPU
		{9D870BFC-4789-46BA-8F79-89F393CEF103}.Debug|Any CPU.Build.0 = Debug|Any CPU
		{9D870BFC-4789-46BA-8F79-89F393CEF103}.Release|Any CPU.ActiveCfg = Release|Any CPU
		{9D870BFC-4789-46BA-8F79-89F393CEF103}.Release|Any CPU.Build.0 = Release|Any CPU
	EndGlobalSection
	GlobalSection(SolutionProperties) = preSolution
		HideSolutionNode = FALSE
	EndGlobalSection
	GlobalSection(ExtensibilityGlobals) = postSolution
		SolutionGuid = {FBD6F4EC-3628-4111-BFC7-D11F931A27AE}
	EndGlobalSection
EndGlobal
